
Microsoft Visual Studio Solution File, Format Version 12.00
# Visual Studio Version 16
VisualStudioVersion = 16.0.31624.102
MinimumVisualStudioVersion = 10.0.40219.1
Project("{FAE04EC0-301F-11D3-BF4B-00C04F79EFBC}") = "Tarea14", "Tarea14\Tarea14.csproj", "{4DD42158-5E36-4D64-90DC-162957C3BB08}"
EndProject
Global
	GlobalSection(SolutionConfigurationPlatforms) = preSolution
		Debug|Any CPU = Debug|Any CPU
		Release|Any CPU = Release|Any CPU
	EndGlobalSection
	GlobalSection(ProjectConfigurationPlatforms) = postSolution
		{4DD42158-5E36-4D64-90DC-162957C3BB08}.Debug|Any CPU.ActiveCfg = Debug|Any CPU
		{4DD42158-5E36-4D64-90DC-162957C3BB08}.Debug|Any CPU.Build.0 = Debug|Any CPU
		{4DD42158-5E36-4D64-90DC-162957C3BB08}.Release|Any CPU.ActiveCfg = Release|Any CPU
		{4DD42158-5E36-4D64-90DC-162957C3BB08}.Release|Any CPU.Build.0 = Release|Any CPU
	EndGlobalSection
	GlobalSection(SolutionProperties) = preSolution
		HideSolutionNode = FALSE
	EndGlobalSection
	GlobalSection(ExtensibilityGlobals) = postSolution
		SolutionGuid = {38006041-E982-4DF9-9440-2F77D6C8AC87}
	EndGlobalSection
EndGlobal
