
Microsoft Visual Studio Solution File, Format Version 12.00
# Visual Studio Version 16
VisualStudioVersion = 16.0.31624.102
MinimumVisualStudioVersion = 10.0.40219.1
Project("{FAE04EC0-301F-11D3-BF4B-00C04F79EFBC}") = "Tarea8", "Tarea8\Tarea8.csproj", "{A0DF0A56-176D-4AA7-B566-40FEF32ABFEA}"
EndProject
Global
	GlobalSection(SolutionConfigurationPlatforms) = preSolution
		Debug|Any CPU = Debug|Any CPU
		Release|Any CPU = Release|Any CPU
	EndGlobalSection
	GlobalSection(ProjectConfigurationPlatforms) = postSolution
		{A0DF0A56-176D-4AA7-B566-40FEF32ABFEA}.Debug|Any CPU.ActiveCfg = Debug|Any CPU
		{A0DF0A56-176D-4AA7-B566-40FEF32ABFEA}.Debug|Any CPU.Build.0 = Debug|Any CPU
		{A0DF0A56-176D-4AA7-B566-40FEF32ABFEA}.Release|Any CPU.ActiveCfg = Release|Any CPU
		{A0DF0A56-176D-4AA7-B566-40FEF32ABFEA}.Release|Any CPU.Build.0 = Release|Any CPU
	EndGlobalSection
	GlobalSection(SolutionProperties) = preSolution
		HideSolutionNode = FALSE
	EndGlobalSection
	GlobalSection(ExtensibilityGlobals) = postSolution
		SolutionGuid = {18570E6B-077D-46CB-8EEC-D7331F9A9C87}
	EndGlobalSection
EndGlobal
