
Microsoft Visual Studio Solution File, Format Version 12.00
# Visual Studio Version 16
VisualStudioVersion = 16.0.31624.102
MinimumVisualStudioVersion = 10.0.40219.1
Project("{FAE04EC0-301F-11D3-BF4B-00C04F79EFBC}") = "Tarea5", "Tarea5\Tarea5.csproj", "{C3F5E990-20AD-4C1B-8842-CF2367171160}"
EndProject
Global
	GlobalSection(SolutionConfigurationPlatforms) = preSolution
		Debug|Any CPU = Debug|Any CPU
		Release|Any CPU = Release|Any CPU
	EndGlobalSection
	GlobalSection(ProjectConfigurationPlatforms) = postSolution
		{C3F5E990-20AD-4C1B-8842-CF2367171160}.Debug|Any CPU.ActiveCfg = Debug|Any CPU
		{C3F5E990-20AD-4C1B-8842-CF2367171160}.Debug|Any CPU.Build.0 = Debug|Any CPU
		{C3F5E990-20AD-4C1B-8842-CF2367171160}.Release|Any CPU.ActiveCfg = Release|Any CPU
		{C3F5E990-20AD-4C1B-8842-CF2367171160}.Release|Any CPU.Build.0 = Release|Any CPU
	EndGlobalSection
	GlobalSection(SolutionProperties) = preSolution
		HideSolutionNode = FALSE
	EndGlobalSection
	GlobalSection(ExtensibilityGlobals) = postSolution
		SolutionGuid = {8B9DD858-3604-4339-AB71-268B30F90DED}
	EndGlobalSection
EndGlobal
