
Microsoft Visual Studio Solution File, Format Version 12.00
# Visual Studio Version 16
VisualStudioVersion = 16.0.31624.102
MinimumVisualStudioVersion = 10.0.40219.1
Project("{FAE04EC0-301F-11D3-BF4B-00C04F79EFBC}") = "Tarea5", "Tarea5\Tarea5.csproj", "{4C04B4FD-9FAD-48A1-8965-3C7C11B4D214}"
EndProject
Global
	GlobalSection(SolutionConfigurationPlatforms) = preSolution
		Debug|Any CPU = Debug|Any CPU
		Release|Any CPU = Release|Any CPU
	EndGlobalSection
	GlobalSection(ProjectConfigurationPlatforms) = postSolution
		{4C04B4FD-9FAD-48A1-8965-3C7C11B4D214}.Debug|Any CPU.ActiveCfg = Debug|Any CPU
		{4C04B4FD-9FAD-48A1-8965-3C7C11B4D214}.Debug|Any CPU.Build.0 = Debug|Any CPU
		{4C04B4FD-9FAD-48A1-8965-3C7C11B4D214}.Release|Any CPU.ActiveCfg = Release|Any CPU
		{4C04B4FD-9FAD-48A1-8965-3C7C11B4D214}.Release|Any CPU.Build.0 = Release|Any CPU
	EndGlobalSection
	GlobalSection(SolutionProperties) = preSolution
		HideSolutionNode = FALSE
	EndGlobalSection
	GlobalSection(ExtensibilityGlobals) = postSolution
		SolutionGuid = {5A82F110-357A-45DC-B8FF-B350AC8C1602}
	EndGlobalSection
EndGlobal
