
Microsoft Visual Studio Solution File, Format Version 12.00
# Visual Studio Version 16
VisualStudioVersion = 16.0.31624.102
MinimumVisualStudioVersion = 10.0.40219.1
Project("{FAE04EC0-301F-11D3-BF4B-00C04F79EFBC}") = "Tarea16", "Tarea16\Tarea16.csproj", "{BF24B8D2-3870-4EA2-9C02-C645E56F891F}"
EndProject
Global
	GlobalSection(SolutionConfigurationPlatforms) = preSolution
		Debug|Any CPU = Debug|Any CPU
		Release|Any CPU = Release|Any CPU
	EndGlobalSection
	GlobalSection(ProjectConfigurationPlatforms) = postSolution
		{BF24B8D2-3870-4EA2-9C02-C645E56F891F}.Debug|Any CPU.ActiveCfg = Debug|Any CPU
		{BF24B8D2-3870-4EA2-9C02-C645E56F891F}.Debug|Any CPU.Build.0 = Debug|Any CPU
		{BF24B8D2-3870-4EA2-9C02-C645E56F891F}.Release|Any CPU.ActiveCfg = Release|Any CPU
		{BF24B8D2-3870-4EA2-9C02-C645E56F891F}.Release|Any CPU.Build.0 = Release|Any CPU
	EndGlobalSection
	GlobalSection(SolutionProperties) = preSolution
		HideSolutionNode = FALSE
	EndGlobalSection
	GlobalSection(ExtensibilityGlobals) = postSolution
		SolutionGuid = {F835F71E-C8E4-4CA2-94DF-FFB4D3394611}
	EndGlobalSection
EndGlobal
