
Microsoft Visual Studio Solution File, Format Version 12.00
# Visual Studio Version 16
VisualStudioVersion = 16.0.31624.102
MinimumVisualStudioVersion = 10.0.40219.1
Project("{FAE04EC0-301F-11D3-BF4B-00C04F79EFBC}") = "Tarea4", "Tarea4\Tarea4.csproj", "{05A7AA45-5BD7-481A-9058-E3A1A03504A6}"
EndProject
Global
	GlobalSection(SolutionConfigurationPlatforms) = preSolution
		Debug|Any CPU = Debug|Any CPU
		Release|Any CPU = Release|Any CPU
	EndGlobalSection
	GlobalSection(ProjectConfigurationPlatforms) = postSolution
		{05A7AA45-5BD7-481A-9058-E3A1A03504A6}.Debug|Any CPU.ActiveCfg = Debug|Any CPU
		{05A7AA45-5BD7-481A-9058-E3A1A03504A6}.Debug|Any CPU.Build.0 = Debug|Any CPU
		{05A7AA45-5BD7-481A-9058-E3A1A03504A6}.Release|Any CPU.ActiveCfg = Release|Any CPU
		{05A7AA45-5BD7-481A-9058-E3A1A03504A6}.Release|Any CPU.Build.0 = Release|Any CPU
	EndGlobalSection
	GlobalSection(SolutionProperties) = preSolution
		HideSolutionNode = FALSE
	EndGlobalSection
	GlobalSection(ExtensibilityGlobals) = postSolution
		SolutionGuid = {5637456A-07D5-45B1-839B-E3AA46F8D038}
	EndGlobalSection
EndGlobal
