
Microsoft Visual Studio Solution File, Format Version 12.00
# Visual Studio Version 16
VisualStudioVersion = 16.0.31624.102
MinimumVisualStudioVersion = 10.0.40219.1
Project("{FAE04EC0-301F-11D3-BF4B-00C04F79EFBC}") = "Tarea9", "Tarea9\Tarea9.csproj", "{89A1CCE4-7ADB-4E19-BAE9-E82FB1D72D3C}"
EndProject
Global
	GlobalSection(SolutionConfigurationPlatforms) = preSolution
		Debug|Any CPU = Debug|Any CPU
		Release|Any CPU = Release|Any CPU
	EndGlobalSection
	GlobalSection(ProjectConfigurationPlatforms) = postSolution
		{89A1CCE4-7ADB-4E19-BAE9-E82FB1D72D3C}.Debug|Any CPU.ActiveCfg = Debug|Any CPU
		{89A1CCE4-7ADB-4E19-BAE9-E82FB1D72D3C}.Debug|Any CPU.Build.0 = Debug|Any CPU
		{89A1CCE4-7ADB-4E19-BAE9-E82FB1D72D3C}.Release|Any CPU.ActiveCfg = Release|Any CPU
		{89A1CCE4-7ADB-4E19-BAE9-E82FB1D72D3C}.Release|Any CPU.Build.0 = Release|Any CPU
	EndGlobalSection
	GlobalSection(SolutionProperties) = preSolution
		HideSolutionNode = FALSE
	EndGlobalSection
	GlobalSection(ExtensibilityGlobals) = postSolution
		SolutionGuid = {64E54841-8582-46CB-B9C2-C3E1AB2EA851}
	EndGlobalSection
EndGlobal
